
Microsoft Visual Studio Solution File, Format Version 12.00
# Visual Studio Version 17
VisualStudioVersion = 17.1.32319.34
MinimumVisualStudioVersion = 10.0.40219.1
Project("{FAE04EC0-301F-11D3-BF4B-00C04F79EFBC}") = "Manager", "Manager.csproj", "{E2EB4675-EB18-4468-9B2B-44E477160849}"
EndProject
Global
	GlobalSection(SolutionConfigurationPlatforms) = preSolution
		Debug|Any CPU = Debug|Any CPU
		Release|Any CPU = Release|Any CPU
	EndGlobalSection
	GlobalSection(ProjectConfigurationPlatforms) = postSolution
		{E2EB4675-EB18-4468-9B2B-44E477160849}.Debug|Any CPU.ActiveCfg = Debug|Any CPU
		{E2EB4675-EB18-4468-9B2B-44E477160849}.Debug|Any CPU.Build.0 = Debug|Any CPU
		{E2EB4675-EB18-4468-9B2B-44E477160849}.Release|Any CPU.ActiveCfg = Release|Any CPU
		{E2EB4675-EB18-4468-9B2B-44E477160849}.Release|Any CPU.Build.0 = Release|Any CPU
	EndGlobalSection
	GlobalSection(SolutionProperties) = preSolution
		HideSolutionNode = FALSE
	EndGlobalSection
	GlobalSection(ExtensibilityGlobals) = postSolution
		SolutionGuid = {D168F7EE-8BAD-4BF9-A188-887D1059ACE4}
	EndGlobalSection
EndGlobal
